// !$*UTF8*$!
{
	archiveVersion = 1;
	classes = {
	};
	objectVersion = 48;
	objects = {

/* Begin PBXBuildFile section */
		0D1646551FF24CDE0059BBDF /* FirstStart.storyboard in Resources */ = {isa = PBXBuildFile; fileRef = 0D1646531FF24CDE0059BBDF /* FirstStart.storyboard */; };
		0D1BDB5020073F0200DA351D /* FirstStartTopViewController.swift in Sources */ = {isa = PBXBuildFile; fileRef = 0D1BDB4F20073F0200DA351D /* FirstStartTopViewController.swift */; };
		0D4B438520099E550035DF1D /* SwiftyJSON.framework in Frameworks */ = {isa = PBXBuildFile; fileRef = 0D4B438320099E550035DF1D /* SwiftyJSON.framework */; };
		0D4B438620099E550035DF1D /* Alamofire.framework in Frameworks */ = {isa = PBXBuildFile; fileRef = 0D4B438420099E550035DF1D /* Alamofire.framework */; };
		0D5B82701FC9A5D30055A72C /* AppDelegate.swift in Sources */ = {isa = PBXBuildFile; fileRef = 0D5B826F1FC9A5D30055A72C /* AppDelegate.swift */; };
		0D5B82721FC9A5D30055A72C /* ViewController.swift in Sources */ = {isa = PBXBuildFile; fileRef = 0D5B82711FC9A5D30055A72C /* ViewController.swift */; };
		0D5B82751FC9A5D30055A72C /* Main.storyboard in Resources */ = {isa = PBXBuildFile; fileRef = 0D5B82731FC9A5D30055A72C /* Main.storyboard */; };
		0D5B82771FC9A5D30055A72C /* Assets.xcassets in Resources */ = {isa = PBXBuildFile; fileRef = 0D5B82761FC9A5D30055A72C /* Assets.xcassets */; };
		0D5B827A1FC9A5D30055A72C /* LaunchScreen.storyboard in Resources */ = {isa = PBXBuildFile; fileRef = 0D5B82781FC9A5D30055A72C /* LaunchScreen.storyboard */; };
		0D5B82851FC9A5D30055A72C /* SyncPodTests.swift in Sources */ = {isa = PBXBuildFile; fileRef = 0D5B82841FC9A5D30055A72C /* SyncPodTests.swift */; };
		0D5B82901FC9A5D30055A72C /* SyncPodUITests.swift in Sources */ = {isa = PBXBuildFile; fileRef = 0D5B828F1FC9A5D30055A72C /* SyncPodUITests.swift */; };
/* End PBXBuildFile section */

/* Begin PBXContainerItemProxy section */
		0D5B82811FC9A5D30055A72C /* PBXContainerItemProxy */ = {
			isa = PBXContainerItemProxy;
			containerPortal = 0D5B82641FC9A5D30055A72C /* Project object */;
			proxyType = 1;
			remoteGlobalIDString = 0D5B826B1FC9A5D30055A72C;
			remoteInfo = SyncPod;
		};
		0D5B828C1FC9A5D30055A72C /* PBXContainerItemProxy */ = {
			isa = PBXContainerItemProxy;
			containerPortal = 0D5B82641FC9A5D30055A72C /* Project object */;
			proxyType = 1;
			remoteGlobalIDString = 0D5B826B1FC9A5D30055A72C;
			remoteInfo = SyncPod;
		};
/* End PBXContainerItemProxy section */

/* Begin PBXFileReference section */
		0D1646541FF24CDE0059BBDF /* Base */ = {isa = PBXFileReference; lastKnownFileType = file.storyboard; name = Base; path = Base.lproj/FirstStart.storyboard; sourceTree = "<group>"; };
		0D1BDB4F20073F0200DA351D /* FirstStartTopViewController.swift */ = {isa = PBXFileReference; lastKnownFileType = sourcecode.swift; path = FirstStartTopViewController.swift; sourceTree = "<group>"; };
		0D4B438320099E550035DF1D /* SwiftyJSON.framework */ = {isa = PBXFileReference; lastKnownFileType = wrapper.framework; name = SwiftyJSON.framework; path = Carthage/Build/iOS/SwiftyJSON.framework; sourceTree = "<group>"; };
		0D4B438420099E550035DF1D /* Alamofire.framework */ = {isa = PBXFileReference; lastKnownFileType = wrapper.framework; name = Alamofire.framework; path = Carthage/Build/iOS/Alamofire.framework; sourceTree = "<group>"; };
		0D5B826C1FC9A5D30055A72C /* SyncPod.app */ = {isa = PBXFileReference; explicitFileType = wrapper.application; includeInIndex = 0; path = SyncPod.app; sourceTree = BUILT_PRODUCTS_DIR; };
		0D5B826F1FC9A5D30055A72C /* AppDelegate.swift */ = {isa = PBXFileReference; lastKnownFileType = sourcecode.swift; path = AppDelegate.swift; sourceTree = "<group>"; };
		0D5B82711FC9A5D30055A72C /* ViewController.swift */ = {isa = PBXFileReference; lastKnownFileType = sourcecode.swift; path = ViewController.swift; sourceTree = "<group>"; };
		0D5B82741FC9A5D30055A72C /* Base */ = {isa = PBXFileReference; lastKnownFileType = file.storyboard; name = Base; path = Base.lproj/Main.storyboard; sourceTree = "<group>"; };
		0D5B82761FC9A5D30055A72C /* Assets.xcassets */ = {isa = PBXFileReference; lastKnownFileType = folder.assetcatalog; path = Assets.xcassets; sourceTree = "<group>"; };
		0D5B82791FC9A5D30055A72C /* Base */ = {isa = PBXFileReference; lastKnownFileType = file.storyboard; name = Base; path = Base.lproj/LaunchScreen.storyboard; sourceTree = "<group>"; };
		0D5B827B1FC9A5D30055A72C /* Info.plist */ = {isa = PBXFileReference; lastKnownFileType = text.plist.xml; path = Info.plist; sourceTree = "<group>"; };
		0D5B82801FC9A5D30055A72C /* SyncPodTests.xctest */ = {isa = PBXFileReference; explicitFileType = wrapper.cfbundle; includeInIndex = 0; path = SyncPodTests.xctest; sourceTree = BUILT_PRODUCTS_DIR; };
		0D5B82841FC9A5D30055A72C /* SyncPodTests.swift */ = {isa = PBXFileReference; lastKnownFileType = sourcecode.swift; path = SyncPodTests.swift; sourceTree = "<group>"; };
		0D5B82861FC9A5D30055A72C /* Info.plist */ = {isa = PBXFileReference; lastKnownFileType = text.plist.xml; path = Info.plist; sourceTree = "<group>"; };
		0D5B828B1FC9A5D30055A72C /* SyncPodUITests.xctest */ = {isa = PBXFileReference; explicitFileType = wrapper.cfbundle; includeInIndex = 0; path = SyncPodUITests.xctest; sourceTree = BUILT_PRODUCTS_DIR; };
		0D5B828F1FC9A5D30055A72C /* SyncPodUITests.swift */ = {isa = PBXFileReference; lastKnownFileType = sourcecode.swift; path = SyncPodUITests.swift; sourceTree = "<group>"; };
		0D5B82911FC9A5D30055A72C /* Info.plist */ = {isa = PBXFileReference; lastKnownFileType = text.plist.xml; path = Info.plist; sourceTree = "<group>"; };
/* End PBXFileReference section */

/* Begin PBXFrameworksBuildPhase section */
		0D5B82691FC9A5D30055A72C /* Frameworks */ = {
			isa = PBXFrameworksBuildPhase;
			buildActionMask = 2147483647;
			files = (
				0D4B438520099E550035DF1D /* SwiftyJSON.framework in Frameworks */,
				0D4B438620099E550035DF1D /* Alamofire.framework in Frameworks */,
			);
			runOnlyForDeploymentPostprocessing = 0;
		};
		0D5B827D1FC9A5D30055A72C /* Frameworks */ = {
			isa = PBXFrameworksBuildPhase;
			buildActionMask = 2147483647;
			files = (
			);
			runOnlyForDeploymentPostprocessing = 0;
		};
		0D5B82881FC9A5D30055A72C /* Frameworks */ = {
			isa = PBXFrameworksBuildPhase;
			buildActionMask = 2147483647;
			files = (
			);
			runOnlyForDeploymentPostprocessing = 0;
		};
/* End PBXFrameworksBuildPhase section */

/* Begin PBXGroup section */
		0D4B438220099E540035DF1D /* Frameworks */ = {
			isa = PBXGroup;
			children = (
				0D4B438420099E550035DF1D /* Alamofire.framework */,
				0D4B438320099E550035DF1D /* SwiftyJSON.framework */,
			);
			name = Frameworks;
			sourceTree = "<group>";
		};
		0D5B82631FC9A5D30055A72C = {
			isa = PBXGroup;
			children = (
				0D5B826E1FC9A5D30055A72C /* SyncPod */,
				0D5B82831FC9A5D30055A72C /* SyncPodTests */,
				0D5B828E1FC9A5D30055A72C /* SyncPodUITests */,
				0D5B826D1FC9A5D30055A72C /* Products */,
				0D4B438220099E540035DF1D /* Frameworks */,
			);
			sourceTree = "<group>";
		};
		0D5B826D1FC9A5D30055A72C /* Products */ = {
			isa = PBXGroup;
			children = (
				0D5B826C1FC9A5D30055A72C /* SyncPod.app */,
				0D5B82801FC9A5D30055A72C /* SyncPodTests.xctest */,
				0D5B828B1FC9A5D30055A72C /* SyncPodUITests.xctest */,
			);
			name = Products;
			sourceTree = "<group>";
		};
		0D5B826E1FC9A5D30055A72C /* SyncPod */ = {
			isa = PBXGroup;
			children = (
				0D5B826F1FC9A5D30055A72C /* AppDelegate.swift */,
				0D5B82711FC9A5D30055A72C /* ViewController.swift */,
				0D5B82731FC9A5D30055A72C /* Main.storyboard */,
				0D1BDB4F20073F0200DA351D /* FirstStartTopViewController.swift */,
				0D1646531FF24CDE0059BBDF /* FirstStart.storyboard */,
				0D5B82761FC9A5D30055A72C /* Assets.xcassets */,
				0D5B82781FC9A5D30055A72C /* LaunchScreen.storyboard */,
				0D5B827B1FC9A5D30055A72C /* Info.plist */,
			);
			path = SyncPod;
			sourceTree = "<group>";
		};
		0D5B82831FC9A5D30055A72C /* SyncPodTests */ = {
			isa = PBXGroup;
			children = (
				0D5B82841FC9A5D30055A72C /* SyncPodTests.swift */,
				0D5B82861FC9A5D30055A72C /* Info.plist */,
			);
			path = SyncPodTests;
			sourceTree = "<group>";
		};
		0D5B828E1FC9A5D30055A72C /* SyncPodUITests */ = {
			isa = PBXGroup;
			children = (
				0D5B828F1FC9A5D30055A72C /* SyncPodUITests.swift */,
				0D5B82911FC9A5D30055A72C /* Info.plist */,
			);
			path = SyncPodUITests;
			sourceTree = "<group>";
		};
/* End PBXGroup section */

/* Begin PBXNativeTarget section */
		0D5B826B1FC9A5D30055A72C /* SyncPod */ = {
			isa = PBXNativeTarget;
			buildConfigurationList = 0D5B82941FC9A5D30055A72C /* Build configuration list for PBXNativeTarget "SyncPod" */;
			buildPhases = (
				0D5B82681FC9A5D30055A72C /* Sources */,
				0D5B82691FC9A5D30055A72C /* Frameworks */,
				0D5B826A1FC9A5D30055A72C /* Resources */,
				0D4B438720099E680035DF1D /* ShellScript */,
			);
			buildRules = (
			);
			dependencies = (
			);
			name = SyncPod;
			productName = SyncPod;
			productReference = 0D5B826C1FC9A5D30055A72C /* SyncPod.app */;
			productType = "com.apple.product-type.application";
		};
		0D5B827F1FC9A5D30055A72C /* SyncPodTests */ = {
			isa = PBXNativeTarget;
			buildConfigurationList = 0D5B82971FC9A5D30055A72C /* Build configuration list for PBXNativeTarget "SyncPodTests" */;
			buildPhases = (
				0D5B827C1FC9A5D30055A72C /* Sources */,
				0D5B827D1FC9A5D30055A72C /* Frameworks */,
				0D5B827E1FC9A5D30055A72C /* Resources */,
			);
			buildRules = (
			);
			dependencies = (
				0D5B82821FC9A5D30055A72C /* PBXTargetDependency */,
			);
			name = SyncPodTests;
			productName = SyncPodTests;
			productReference = 0D5B82801FC9A5D30055A72C /* SyncPodTests.xctest */;
			productType = "com.apple.product-type.bundle.unit-test";
		};
		0D5B828A1FC9A5D30055A72C /* SyncPodUITests */ = {
			isa = PBXNativeTarget;
			buildConfigurationList = 0D5B829A1FC9A5D30055A72C /* Build configuration list for PBXNativeTarget "SyncPodUITests" */;
			buildPhases = (
				0D5B82871FC9A5D30055A72C /* Sources */,
				0D5B82881FC9A5D30055A72C /* Frameworks */,
				0D5B82891FC9A5D30055A72C /* Resources */,
			);
			buildRules = (
			);
			dependencies = (
				0D5B828D1FC9A5D30055A72C /* PBXTargetDependency */,
			);
			name = SyncPodUITests;
			productName = SyncPodUITests;
			productReference = 0D5B828B1FC9A5D30055A72C /* SyncPodUITests.xctest */;
			productType = "com.apple.product-type.bundle.ui-testing";
		};
/* End PBXNativeTarget section */

/* Begin PBXProject section */
		0D5B82641FC9A5D30055A72C /* Project object */ = {
			isa = PBXProject;
			attributes = {
				LastSwiftUpdateCheck = 0900;
				LastUpgradeCheck = 0900;
				ORGANIZATIONNAME = Cyder;
				TargetAttributes = {
					0D5B826B1FC9A5D30055A72C = {
						CreatedOnToolsVersion = 9.0;
						ProvisioningStyle = Automatic;
					};
					0D5B827F1FC9A5D30055A72C = {
						CreatedOnToolsVersion = 9.0;
						ProvisioningStyle = Automatic;
						TestTargetID = 0D5B826B1FC9A5D30055A72C;
					};
					0D5B828A1FC9A5D30055A72C = {
						CreatedOnToolsVersion = 9.0;
						ProvisioningStyle = Automatic;
						TestTargetID = 0D5B826B1FC9A5D30055A72C;
					};
				};
			};
			buildConfigurationList = 0D5B82671FC9A5D30055A72C /* Build configuration list for PBXProject "SyncPod" */;
			compatibilityVersion = "Xcode 8.0";
			developmentRegion = en;
			hasScannedForEncodings = 0;
			knownRegions = (
				en,
				Base,
			);
			mainGroup = 0D5B82631FC9A5D30055A72C;
			productRefGroup = 0D5B826D1FC9A5D30055A72C /* Products */;
			projectDirPath = "";
			projectRoot = "";
			targets = (
				0D5B826B1FC9A5D30055A72C /* SyncPod */,
				0D5B827F1FC9A5D30055A72C /* SyncPodTests */,
				0D5B828A1FC9A5D30055A72C /* SyncPodUITests */,
			);
		};
/* End PBXProject section */

/* Begin PBXResourcesBuildPhase section */
		0D5B826A1FC9A5D30055A72C /* Resources */ = {
			isa = PBXResourcesBuildPhase;
			buildActionMask = 2147483647;
			files = (
				0D5B827A1FC9A5D30055A72C /* LaunchScreen.storyboard in Resources */,
				0D5B82771FC9A5D30055A72C /* Assets.xcassets in Resources */,
				0D1646551FF24CDE0059BBDF /* FirstStart.storyboard in Resources */,
				0D5B82751FC9A5D30055A72C /* Main.storyboard in Resources */,
			);
			runOnlyForDeploymentPostprocessing = 0;
		};
		0D5B827E1FC9A5D30055A72C /* Resources */ = {
			isa = PBXResourcesBuildPhase;
			buildActionMask = 2147483647;
			files = (
			);
			runOnlyForDeploymentPostprocessing = 0;
		};
		0D5B82891FC9A5D30055A72C /* Resources */ = {
			isa = PBXResourcesBuildPhase;
			buildActionMask = 2147483647;
			files = (
			);
			runOnlyForDeploymentPostprocessing = 0;
		};
/* End PBXResourcesBuildPhase section */

/* Begin PBXShellScriptBuildPhase section */
		0D4B438720099E680035DF1D /* ShellScript */ = {
			isa = PBXShellScriptBuildPhase;
			buildActionMask = 2147483647;
			files = (
			);
			inputPaths = (
				"$(SRCROOT)/Carthage/Build/iOS/Alamofire.framework",
				"$(SRCROOT)/Carthage/Build/iOS/SwiftyJSON.framework",
			);
			outputPaths = (
			);
			runOnlyForDeploymentPostprocessing = 0;
			shellPath = /bin/sh;
			shellScript = "/usr/local/bin/carthage copy-frameworks";
		};
/* End PBXShellScriptBuildPhase section */

/* Begin PBXSourcesBuildPhase section */
		0D5B82681FC9A5D30055A72C /* Sources */ = {
			isa = PBXSourcesBuildPhase;
			buildActionMask = 2147483647;
			files = (
				0D1BDB5020073F0200DA351D /* FirstStartTopViewController.swift in Sources */,
				0D5B82721FC9A5D30055A72C /* ViewController.swift in Sources */,
				0D5B82701FC9A5D30055A72C /* AppDelegate.swift in Sources */,
			);
			runOnlyForDeploymentPostprocessing = 0;
		};
		0D5B827C1FC9A5D30055A72C /* Sources */ = {
			isa = PBXSourcesBuildPhase;
			buildActionMask = 2147483647;
			files = (
				0D5B82851FC9A5D30055A72C /* SyncPodTests.swift in Sources */,
			);
			runOnlyForDeploymentPostprocessing = 0;
		};
		0D5B82871FC9A5D30055A72C /* Sources */ = {
			isa = PBXSourcesBuildPhase;
			buildActionMask = 2147483647;
			files = (
				0D5B82901FC9A5D30055A72C /* SyncPodUITests.swift in Sources */,
			);
			runOnlyForDeploymentPostprocessing = 0;
		};
/* End PBXSourcesBuildPhase section */

/* Begin PBXTargetDependency section */
		0D5B82821FC9A5D30055A72C /* PBXTargetDependency */ = {
			isa = PBXTargetDependency;
			target = 0D5B826B1FC9A5D30055A72C /* SyncPod */;
			targetProxy = 0D5B82811FC9A5D30055A72C /* PBXContainerItemProxy */;
		};
		0D5B828D1FC9A5D30055A72C /* PBXTargetDependency */ = {
			isa = PBXTargetDependency;
			target = 0D5B826B1FC9A5D30055A72C /* SyncPod */;
			targetProxy = 0D5B828C1FC9A5D30055A72C /* PBXContainerItemProxy */;
		};
/* End PBXTargetDependency section */

/* Begin PBXVariantGroup section */
		0D1646531FF24CDE0059BBDF /* FirstStart.storyboard */ = {
			isa = PBXVariantGroup;
			children = (
				0D1646541FF24CDE0059BBDF /* Base */,
			);
			name = FirstStart.storyboard;
			sourceTree = "<group>";
		};
		0D5B82731FC9A5D30055A72C /* Main.storyboard */ = {
			isa = PBXVariantGroup;
			children = (
				0D5B82741FC9A5D30055A72C /* Base */,
			);
			name = Main.storyboard;
			sourceTree = "<group>";
		};
		0D5B82781FC9A5D30055A72C /* LaunchScreen.storyboard */ = {
			isa = PBXVariantGroup;
			children = (
				0D5B82791FC9A5D30055A72C /* Base */,
			);
			name = LaunchScreen.storyboard;
			sourceTree = "<group>";
		};
/* End PBXVariantGroup section */

/* Begin XCBuildConfiguration section */
		0D5B82921FC9A5D30055A72C /* Debug */ = {
			isa = XCBuildConfiguration;
			buildSettings = {
				ALWAYS_SEARCH_USER_PATHS = NO;
				CLANG_ANALYZER_NONNULL = YES;
				CLANG_ANALYZER_NUMBER_OBJECT_CONVERSION = YES_AGGRESSIVE;
				CLANG_CXX_LANGUAGE_STANDARD = "gnu++14";
				CLANG_CXX_LIBRARY = "libc++";
				CLANG_ENABLE_MODULES = YES;
				CLANG_ENABLE_OBJC_ARC = YES;
				CLANG_WARN_BLOCK_CAPTURE_AUTORELEASING = YES;
				CLANG_WARN_BOOL_CONVERSION = YES;
				CLANG_WARN_COMMA = YES;
				CLANG_WARN_CONSTANT_CONVERSION = YES;
				CLANG_WARN_DIRECT_OBJC_ISA_USAGE = YES_ERROR;
				CLANG_WARN_DOCUMENTATION_COMMENTS = YES;
				CLANG_WARN_EMPTY_BODY = YES;
				CLANG_WARN_ENUM_CONVERSION = YES;
				CLANG_WARN_INFINITE_RECURSION = YES;
				CLANG_WARN_INT_CONVERSION = YES;
				CLANG_WARN_NON_LITERAL_NULL_CONVERSION = YES;
				CLANG_WARN_OBJC_LITERAL_CONVERSION = YES;
				CLANG_WARN_OBJC_ROOT_CLASS = YES_ERROR;
				CLANG_WARN_RANGE_LOOP_ANALYSIS = YES;
				CLANG_WARN_STRICT_PROTOTYPES = YES;
				CLANG_WARN_SUSPICIOUS_MOVE = YES;
				CLANG_WARN_UNGUARDED_AVAILABILITY = YES_AGGRESSIVE;
				CLANG_WARN_UNREACHABLE_CODE = YES;
				CLANG_WARN__DUPLICATE_METHOD_MATCH = YES;
				CODE_SIGN_IDENTITY = "iPhone Developer";
				COPY_PHASE_STRIP = NO;
				DEBUG_INFORMATION_FORMAT = dwarf;
				ENABLE_STRICT_OBJC_MSGSEND = YES;
				ENABLE_TESTABILITY = YES;
				GCC_C_LANGUAGE_STANDARD = gnu11;
				GCC_DYNAMIC_NO_PIC = NO;
				GCC_NO_COMMON_BLOCKS = YES;
				GCC_OPTIMIZATION_LEVEL = 0;
				GCC_PREPROCESSOR_DEFINITIONS = (
					"DEBUG=1",
					"$(inherited)",
				);
				GCC_WARN_64_TO_32_BIT_CONVERSION = YES;
				GCC_WARN_ABOUT_RETURN_TYPE = YES_ERROR;
				GCC_WARN_UNDECLARED_SELECTOR = YES;
				GCC_WARN_UNINITIALIZED_AUTOS = YES_AGGRESSIVE;
				GCC_WARN_UNUSED_FUNCTION = YES;
				GCC_WARN_UNUSED_VARIABLE = YES;
				IPHONEOS_DEPLOYMENT_TARGET = 11.0;
				MTL_ENABLE_DEBUG_INFO = YES;
				ONLY_ACTIVE_ARCH = YES;
				SDKROOT = iphoneos;
				SWIFT_ACTIVE_COMPILATION_CONDITIONS = DEBUG;
				SWIFT_OPTIMIZATION_LEVEL = "-Onone";
			};
			name = Debug;
		};
		0D5B82931FC9A5D30055A72C /* Release */ = {
			isa = XCBuildConfiguration;
			buildSettings = {
				ALWAYS_SEARCH_USER_PATHS = NO;
				CLANG_ANALYZER_NONNULL = YES;
				CLANG_ANALYZER_NUMBER_OBJECT_CONVERSION = YES_AGGRESSIVE;
				CLANG_CXX_LANGUAGE_STANDARD = "gnu++14";
				CLANG_CXX_LIBRARY = "libc++";
				CLANG_ENABLE_MODULES = YES;
				CLANG_ENABLE_OBJC_ARC = YES;
				CLANG_WARN_BLOCK_CAPTURE_AUTORELEASING = YES;
				CLANG_WARN_BOOL_CONVERSION = YES;
				CLANG_WARN_COMMA = YES;
				CLANG_WARN_CONSTANT_CONVERSION = YES;
				CLANG_WARN_DIRECT_OBJC_ISA_USAGE = YES_ERROR;
				CLANG_WARN_DOCUMENTATION_COMMENTS = YES;
				CLANG_WARN_EMPTY_BODY = YES;
				CLANG_WARN_ENUM_CONVERSION = YES;
				CLANG_WARN_INFINITE_RECURSION = YES;
				CLANG_WARN_INT_CONVERSION = YES;
				CLANG_WARN_NON_LITERAL_NULL_CONVERSION = YES;
				CLANG_WARN_OBJC_LITERAL_CONVERSION = YES;
				CLANG_WARN_OBJC_ROOT_CLASS = YES_ERROR;
				CLANG_WARN_RANGE_LOOP_ANALYSIS = YES;
				CLANG_WARN_STRICT_PROTOTYPES = YES;
				CLANG_WARN_SUSPICIOUS_MOVE = YES;
				CLANG_WARN_UNGUARDED_AVAILABILITY = YES_AGGRESSIVE;
				CLANG_WARN_UNREACHABLE_CODE = YES;
				CLANG_WARN__DUPLICATE_METHOD_MATCH = YES;
				CODE_SIGN_IDENTITY = "iPhone Developer";
				COPY_PHASE_STRIP = NO;
				DEBUG_INFORMATION_FORMAT = "dwarf-with-dsym";
				ENABLE_NS_ASSERTIONS = NO;
				ENABLE_STRICT_OBJC_MSGSEND = YES;
				GCC_C_LANGUAGE_STANDARD = gnu11;
				GCC_NO_COMMON_BLOCKS = YES;
				GCC_WARN_64_TO_32_BIT_CONVERSION = YES;
				GCC_WARN_ABOUT_RETURN_TYPE = YES_ERROR;
				GCC_WARN_UNDECLARED_SELECTOR = YES;
				GCC_WARN_UNINITIALIZED_AUTOS = YES_AGGRESSIVE;
				GCC_WARN_UNUSED_FUNCTION = YES;
				GCC_WARN_UNUSED_VARIABLE = YES;
				IPHONEOS_DEPLOYMENT_TARGET = 11.0;
				MTL_ENABLE_DEBUG_INFO = NO;
				SDKROOT = iphoneos;
				SWIFT_OPTIMIZATION_LEVEL = "-Owholemodule";
				VALIDATE_PRODUCT = YES;
			};
			name = Release;
		};
		0D5B82951FC9A5D30055A72C /* Debug */ = {
			isa = XCBuildConfiguration;
			buildSettings = {
				ASSETCATALOG_COMPILER_APPICON_NAME = AppIcon;
				CODE_SIGN_STYLE = Automatic;
				DEVELOPMENT_TEAM = JTE9A2EM5U;
				FRAMEWORK_SEARCH_PATHS = (
					"$(inherited)",
					"$(PROJECT_DIR)/Carthage/Build/iOS",
				);
				INFOPLIST_FILE = SyncPod/Info.plist;
				LD_RUNPATH_SEARCH_PATHS = "$(inherited) @executable_path/Frameworks";
				PRODUCT_BUNDLE_IDENTIFIER = com.Syder.SyncPod;
				PRODUCT_NAME = "$(TARGET_NAME)";
				SWIFT_VERSION = 4.0;
				TARGETED_DEVICE_FAMILY = "1,2";
			};
			name = Debug;
		};
		0D5B82961FC9A5D30055A72C /* Release */ = {
			isa = XCBuildConfiguration;
			buildSettings = {
				ASSETCATALOG_COMPILER_APPICON_NAME = AppIcon;
				CODE_SIGN_STYLE = Automatic;
				DEVELOPMENT_TEAM = JTE9A2EM5U;
				FRAMEWORK_SEARCH_PATHS = (
					"$(inherited)",
					"$(PROJECT_DIR)/Carthage/Build/iOS",
				);
				INFOPLIST_FILE = SyncPod/Info.plist;
				LD_RUNPATH_SEARCH_PATHS = "$(inherited) @executable_path/Frameworks";
				PRODUCT_BUNDLE_IDENTIFIER = com.Syder.SyncPod;
				PRODUCT_NAME = "$(TARGET_NAME)";
				SWIFT_VERSION = 4.0;
				TARGETED_DEVICE_FAMILY = "1,2";
			};
			name = Release;
		};
		0D5B82981FC9A5D30055A72C /* Debug */ = {
			isa = XCBuildConfiguration;
			buildSettings = {
				ALWAYS_EMBED_SWIFT_STANDARD_LIBRARIES = YES;
				BUNDLE_LOADER = "$(TEST_HOST)";
				CODE_SIGN_STYLE = Automatic;
				INFOPLIST_FILE = SyncPodTests/Info.plist;
				LD_RUNPATH_SEARCH_PATHS = "$(inherited) @executable_path/Frameworks @loader_path/Frameworks";
				PRODUCT_BUNDLE_IDENTIFIER = com.Syder.SyncPodTests;
				PRODUCT_NAME = "$(TARGET_NAME)";
				SWIFT_VERSION = 4.0;
				TARGETED_DEVICE_FAMILY = "1,2";
				TEST_HOST = "$(BUILT_PRODUCTS_DIR)/SyncPod.app/SyncPod";
			};
			name = Debug;
		};
		0D5B82991FC9A5D30055A72C /* Release */ = {
			isa = XCBuildConfiguration;
			buildSettings = {
				ALWAYS_EMBED_SWIFT_STANDARD_LIBRARIES = YES;
				BUNDLE_LOADER = "$(TEST_HOST)";
				CODE_SIGN_STYLE = Automatic;
				INFOPLIST_FILE = SyncPodTests/Info.plist;
				LD_RUNPATH_SEARCH_PATHS = "$(inherited) @executable_path/Frameworks @loader_path/Frameworks";
				PRODUCT_BUNDLE_IDENTIFIER = com.Syder.SyncPodTests;
				PRODUCT_NAME = "$(TARGET_NAME)";
				SWIFT_VERSION = 4.0;
				TARGETED_DEVICE_FAMILY = "1,2";
				TEST_HOST = "$(BUILT_PRODUCTS_DIR)/SyncPod.app/SyncPod";
			};
			name = Release;
		};
		0D5B829B1FC9A5D30055A72C /* Debug */ = {
			isa = XCBuildConfiguration;
			buildSettings = {
				ALWAYS_EMBED_SWIFT_STANDARD_LIBRARIES = YES;
				CODE_SIGN_STYLE = Automatic;
				INFOPLIST_FILE = SyncPodUITests/Info.plist;
				LD_RUNPATH_SEARCH_PATHS = "$(inherited) @executable_path/Frameworks @loader_path/Frameworks";
				PRODUCT_BUNDLE_IDENTIFIER = com.Syder.SyncPodUITests;
				PRODUCT_NAME = "$(TARGET_NAME)";
				SWIFT_VERSION = 4.0;
				TARGETED_DEVICE_FAMILY = "1,2";
				TEST_TARGET_NAME = SyncPod;
			};
			name = Debug;
		};
		0D5B829C1FC9A5D30055A72C /* Release */ = {
			isa = XCBuildConfiguration;
			buildSettings = {
				ALWAYS_EMBED_SWIFT_STANDARD_LIBRARIES = YES;
				CODE_SIGN_STYLE = Automatic;
				INFOPLIST_FILE = SyncPodUITests/Info.plist;
				LD_RUNPATH_SEARCH_PATHS = "$(inherited) @executable_path/Frameworks @loader_path/Frameworks";
				PRODUCT_BUNDLE_IDENTIFIER = com.Syder.SyncPodUITests;
				PRODUCT_NAME = "$(TARGET_NAME)";
				SWIFT_VERSION = 4.0;
				TARGETED_DEVICE_FAMILY = "1,2";
				TEST_TARGET_NAME = SyncPod;
			};
			name = Release;
		};
/* End XCBuildConfiguration section */

/* Begin XCConfigurationList section */
		0D5B82671FC9A5D30055A72C /* Build configuration list for PBXProject "SyncPod" */ = {
			isa = XCConfigurationList;
			buildConfigurations = (
				0D5B82921FC9A5D30055A72C /* Debug */,
				0D5B82931FC9A5D30055A72C /* Release */,
			);
			defaultConfigurationIsVisible = 0;
			defaultConfigurationName = Release;
		};
		0D5B82941FC9A5D30055A72C /* Build configuration list for PBXNativeTarget "SyncPod" */ = {
			isa = XCConfigurationList;
			buildConfigurations = (
				0D5B82951FC9A5D30055A72C /* Debug */,
				0D5B82961FC9A5D30055A72C /* Release */,
			);
			defaultConfigurationIsVisible = 0;
			defaultConfigurationName = Release;
		};
		0D5B82971FC9A5D30055A72C /* Build configuration list for PBXNativeTarget "SyncPodTests" */ = {
			isa = XCConfigurationList;
			buildConfigurations = (
				0D5B82981FC9A5D30055A72C /* Debug */,
				0D5B82991FC9A5D30055A72C /* Release */,
			);
			defaultConfigurationIsVisible = 0;
			defaultConfigurationName = Release;
		};
		0D5B829A1FC9A5D30055A72C /* Build configuration list for PBXNativeTarget "SyncPodUITests" */ = {
			isa = XCConfigurationList;
			buildConfigurations = (
				0D5B829B1FC9A5D30055A72C /* Debug */,
				0D5B829C1FC9A5D30055A72C /* Release */,
			);
			defaultConfigurationIsVisible = 0;
			defaultConfigurationName = Release;
		};
/* End XCConfigurationList section */
	};
	rootObject = 0D5B82641FC9A5D30055A72C /* Project object */;
}
